# This file was autogenerated by Stack.
# You should not edit this file by hand.
# For more information, please see the documentation at:
#   https://docs.haskellstack.org/en/stable/lock_files

packages:
- completed:
    hackage: sockaddr-0.0.0@sha256:abd855de908f0b846409335d60ffc69b279ff869f9575fb85934f4fe0d378867,787
    pantry-tree:
      size: 211
      sha256: ac08a6cca9965996f2573311d91db4c2426322be2f5a8ddeb1d38d79ba5d2774
  original:
    hackage: sockaddr-0.0.0
snapshots:
- completed:
    size: 506045
    url: https://raw.githubusercontent.com/commercialhaskell/stackage-snapshots/master/lts/12/16.yaml
    sha256: 31da57e5638251b2de94920da4baf3f187f1f82cb1aeaa8895967dd4cf93387e
  original: lts-12.16
